
Microsoft Visual Studio Solution File, Format Version 12.00
# Visual Studio 14
VisualStudioVersion = 14.0.23107.0
MinimumVisualStudioVersion = 10.0.40219.1
Project("{FAE04EC0-301F-11D3-BF4B-00C04F79EFBC}") = "SimpleAlgorithms", "SimpleAlgorithms\SimpleAlgorithms.csproj", "{9EC9C07A-2529-4461-A987-D56FB302B33C}"
EndProject
Project("{FAE04EC0-301F-11D3-BF4B-00C04F79EFBC}") = "SimpleAlgorithmsTests", "SimpleAlgorithmsTests\SimpleAlgorithmsTests.csproj", "{496EEC28-91E0-4997-9F45-185DB5062274}"
EndProject
Global
	GlobalSection(SolutionConfigurationPlatforms) = preSolution
		Debug|Any CPU = Debug|Any CPU
		Release|Any CPU = Release|Any CPU
	EndGlobalSection
	GlobalSection(ProjectConfigurationPlatforms) = postSolution
		{9EC9C07A-2529-4461-A987-D56FB302B33C}.Debug|Any CPU.ActiveCfg = Debug|Any CPU
		{9EC9C07A-2529-4461-A987-D56FB302B33C}.Debug|Any CPU.Build.0 = Debug|Any CPU
		{9EC9C07A-2529-4461-A987-D56FB302B33C}.Release|Any CPU.ActiveCfg = Release|Any CPU
		{9EC9C07A-2529-4461-A987-D56FB302B33C}.Release|Any CPU.Build.0 = Release|Any CPU
		{496EEC28-91E0-4997-9F45-185DB5062274}.Debug|Any CPU.ActiveCfg = Debug|Any CPU
		{496EEC28-91E0-4997-9F45-185DB5062274}.Debug|Any CPU.Build.0 = Debug|Any CPU
		{496EEC28-91E0-4997-9F45-185DB5062274}.Release|Any CPU.ActiveCfg = Release|Any CPU
		{496EEC28-91E0-4997-9F45-185DB5062274}.Release|Any CPU.Build.0 = Release|Any CPU
	EndGlobalSection
	GlobalSection(SolutionProperties) = preSolution
		HideSolutionNode = FALSE
	EndGlobalSection
EndGlobal
